
Microsoft Visual Studio Solution File, Format Version 12.00
# Visual Studio Version 16
VisualStudioVersion = 16.0.30717.126
MinimumVisualStudioVersion = 10.0.40219.1
Project("{FAE04EC0-301F-11D3-BF4B-00C04F79EFBC}") = "WebApplication1", "WebApplication1\WebApplication1.csproj", "{2883732F-B6CB-43F3-A183-B8CBF972275B}"
EndProject
Global
	GlobalSection(SolutionConfigurationPlatforms) = preSolution
		Debug|Any CPU = Debug|Any CPU
		Release|Any CPU = Release|Any CPU
	EndGlobalSection
	GlobalSection(ProjectConfigurationPlatforms) = postSolution
		{2883732F-B6CB-43F3-A183-B8CBF972275B}.Debug|Any CPU.ActiveCfg = Debug|Any CPU
		{2883732F-B6CB-43F3-A183-B8CBF972275B}.Debug|Any CPU.Build.0 = Debug|Any CPU
		{2883732F-B6CB-43F3-A183-B8CBF972275B}.Release|Any CPU.ActiveCfg = Release|Any CPU
		{2883732F-B6CB-43F3-A183-B8CBF972275B}.Release|Any CPU.Build.0 = Release|Any CPU
	EndGlobalSection
	GlobalSection(SolutionProperties) = preSolution
		HideSolutionNode = FALSE
	EndGlobalSection
	GlobalSection(ExtensibilityGlobals) = postSolution
		SolutionGuid = {7E5D0EC3-DD9D-4A5B-BF48-97C0B8D3F2DF}
	EndGlobalSection
EndGlobal
